{
  "name": "ar_test",
  "version": "1.0.0",
  "lockfileVersion": 1,
  "requires": true,
  "dependencies": {
    "formidable": {
      "version": "1.2.2",
      "resolved": "https://registry.npmjs.org/formidable/-/formidable-1.2.2.tgz",
      "integrity": "sha512-V8gLm+41I/8kguQ4/o1D3RIHRmhYFG4pnNyonvua+40rqcEmT4+V71yaZ3B457xbbgCsCfjSPi65u/W6vK1U5Q==",
      "dev": true
    },
    "minihttp": {
      "version": "0.1.5",
      "resolved": "https://registry.npmjs.org/minihttp/-/minihttp-0.1.5.tgz",
      "integrity": "sha512-nZ0uoiWLplGc5Wm9QXpI+9J0cn6wPVZfUC2gz0wfYeAZeBBkSN9XdPfOW6yq029xyOGU5a7/vka1cCOKvF3GgA==",
      "dev": true,
      "requires": {
        "formidable": ">=1.0.x"
      }
    }
  }
}
